{
  "version": 4,
  "terraform_version": "1.9.5",
  "serial": 10,
  "lineage": "904e94fb-8f2a-b480-63f0-24762d363e3f",
  "outputs": {},
  "resources": [
    {
      "mode": "managed",
      "type": "local_file",
      "name": "test-file",
      "provider": "provider[\"registry.terraform.io/hashicorp/local\"]",
      "instances": [
        {
          "schema_version": 0,
          "attributes": {
            "content": "this is the first file created from terrafrom",
            "content_base64": null,
            "content_base64sha256": "KO4tI9IDk5iXspI100ltqBj3DtWsLGVMm2lBHp7S060=",
            "content_base64sha512": "J/OKVXIJDo2P2cgLmo4B/blNVm7yVlk0jVe16sJBpoCB4X0cNggvkTASDVpazGjofaimP2w16shWi4Xl2a1U1g==",
            "content_md5": "d6dd17c88594df5007f1724d97ae0200",
            "content_sha1": "0b271112be3e6d72be569e5bc0ee7f7d9e2b1b9f",
            "content_sha256": "28ee2d23d203939897b29235d3496da818f70ed5ac2c654c9b69411e9ed2d3ad",
            "content_sha512": "27f38a5572090e8d8fd9c80b9a8e01fdb94d566ef25659348d57b5eac241a68081e17d1c36082f9130120d5a5acc68e87da8a63f6c35eac8568b85e5d9ad54d6",
            "directory_permission": "0777",
            "file_permission": "0777",
            "filename": "./test.txt",
            "id": "0b271112be3e6d72be569e5bc0ee7f7d9e2b1b9f",
            "sensitive_content": null,
            "source": null
          },
          "sensitive_attributes": [
            [
              {
                "type": "get_attr",
                "value": "sensitive_content"
              }
            ]
          ]
        }
      ]
    }
  ],
  "check_results": null
}
